
Microsoft Visual Studio Solution File, Format Version 12.00
# Visual Studio Version 17
VisualStudioVersion = 17.3.32922.545
MinimumVisualStudioVersion = 10.0.40219.1
Project("{9A19103F-16F7-4668-BE54-9A1E7A4F7556}") = "Recipes.Domain", "Recipes.Domain\Recipes.Domain.csproj", "{7AA20852-F396-4C68-8FCE-F78805E7478B}"
EndProject
Project("{9A19103F-16F7-4668-BE54-9A1E7A4F7556}") = "Recipes.Application", "Recipes.Application\Recipes.Application.csproj", "{FE6CAB8B-C871-4629-9096-D008FEA568EF}"
EndProject
Project("{9A19103F-16F7-4668-BE54-9A1E7A4F7556}") = "Repices.Infrastructure", "Repices.Infrastructure\Repices.Infrastructure.csproj", "{2448FCDB-04EE-4422-8A71-9A6364A897B2}"
EndProject
Project("{FAE04EC0-301F-11D3-BF4B-00C04F79EFBC}") = "Recipes.Api", "Recipes.Api\Recipes.Api.csproj", "{547BF1BE-CF8A-44C6-9169-4DF581374113}"
EndProject
Global
	GlobalSection(SolutionConfigurationPlatforms) = preSolution
		Debug|Any CPU = Debug|Any CPU
		Release|Any CPU = Release|Any CPU
	EndGlobalSection
	GlobalSection(ProjectConfigurationPlatforms) = postSolution
		{7AA20852-F396-4C68-8FCE-F78805E7478B}.Debug|Any CPU.ActiveCfg = Debug|Any CPU
		{7AA20852-F396-4C68-8FCE-F78805E7478B}.Debug|Any CPU.Build.0 = Debug|Any CPU
		{7AA20852-F396-4C68-8FCE-F78805E7478B}.Release|Any CPU.ActiveCfg = Release|Any CPU
		{7AA20852-F396-4C68-8FCE-F78805E7478B}.Release|Any CPU.Build.0 = Release|Any CPU
		{FE6CAB8B-C871-4629-9096-D008FEA568EF}.Debug|Any CPU.ActiveCfg = Debug|Any CPU
		{FE6CAB8B-C871-4629-9096-D008FEA568EF}.Debug|Any CPU.Build.0 = Debug|Any CPU
		{FE6CAB8B-C871-4629-9096-D008FEA568EF}.Release|Any CPU.ActiveCfg = Release|Any CPU
		{FE6CAB8B-C871-4629-9096-D008FEA568EF}.Release|Any CPU.Build.0 = Release|Any CPU
		{2448FCDB-04EE-4422-8A71-9A6364A897B2}.Debug|Any CPU.ActiveCfg = Debug|Any CPU
		{2448FCDB-04EE-4422-8A71-9A6364A897B2}.Debug|Any CPU.Build.0 = Debug|Any CPU
		{2448FCDB-04EE-4422-8A71-9A6364A897B2}.Release|Any CPU.ActiveCfg = Release|Any CPU
		{2448FCDB-04EE-4422-8A71-9A6364A897B2}.Release|Any CPU.Build.0 = Release|Any CPU
		{547BF1BE-CF8A-44C6-9169-4DF581374113}.Debug|Any CPU.ActiveCfg = Debug|Any CPU
		{547BF1BE-CF8A-44C6-9169-4DF581374113}.Debug|Any CPU.Build.0 = Debug|Any CPU
		{547BF1BE-CF8A-44C6-9169-4DF581374113}.Release|Any CPU.ActiveCfg = Release|Any CPU
		{547BF1BE-CF8A-44C6-9169-4DF581374113}.Release|Any CPU.Build.0 = Release|Any CPU
	EndGlobalSection
	GlobalSection(SolutionProperties) = preSolution
		HideSolutionNode = FALSE
	EndGlobalSection
	GlobalSection(ExtensibilityGlobals) = postSolution
		SolutionGuid = {6E0BFB8A-9875-4DC5-BCBA-35FAC39C278A}
	EndGlobalSection
EndGlobal
